// !$*UTF8*$!
{
	archiveVersion = 1;
	classes = {
	};
	objectVersion = 50;
	objects = {

/* Begin PBXBuildFile section */
		F040F8572672414A00B577CB /* Microphone.swift in Sources */ = {isa = PBXBuildFile; fileRef = F040F8562672414A00B577CB /* Microphone.swift */; };
		F0A5040A26722898008297C2 /* SoundBarApp.swift in Sources */ = {isa = PBXBuildFile; fileRef = F0A5040926722898008297C2 /* SoundBarApp.swift */; };
		F0A5040C26722898008297C2 /* ContentView.swift in Sources */ = {isa = PBXBuildFile; fileRef = F0A5040B26722898008297C2 /* ContentView.swift */; };
		F0A5040E26722899008297C2 /* Assets.xcassets in Resources */ = {isa = PBXBuildFile; fileRef = F0A5040D26722899008297C2 /* Assets.xcassets */; };
		F0A5041126722899008297C2 /* Preview Assets.xcassets in Resources */ = {isa = PBXBuildFile; fileRef = F0A5041026722899008297C2 /* Preview Assets.xcassets */; };
		F0A5041926722D4E008297C2 /* TestView.swift in Sources */ = {isa = PBXBuildFile; fileRef = F0A5041826722D4E008297C2 /* TestView.swift */; };
/* End PBXBuildFile section */

/* Begin PBXFileReference section */
		F040F8562672414A00B577CB /* Microphone.swift */ = {isa = PBXFileReference; lastKnownFileType = sourcecode.swift; path = Microphone.swift; sourceTree = "<group>"; };
		F0A5040626722898008297C2 /* SoundBar.app */ = {isa = PBXFileReference; explicitFileType = wrapper.application; includeInIndex = 0; path = SoundBar.app; sourceTree = BUILT_PRODUCTS_DIR; };
		F0A5040926722898008297C2 /* SoundBarApp.swift */ = {isa = PBXFileReference; lastKnownFileType = sourcecode.swift; path = SoundBarApp.swift; sourceTree = "<group>"; };
		F0A5040B26722898008297C2 /* ContentView.swift */ = {isa = PBXFileReference; lastKnownFileType = sourcecode.swift; path = ContentView.swift; sourceTree = "<group>"; };
		F0A5040D26722899008297C2 /* Assets.xcassets */ = {isa = PBXFileReference; lastKnownFileType = folder.assetcatalog; path = Assets.xcassets; sourceTree = "<group>"; };
		F0A5041026722899008297C2 /* Preview Assets.xcassets */ = {isa = PBXFileReference; lastKnownFileType = folder.assetcatalog; path = "Preview Assets.xcassets"; sourceTree = "<group>"; };
		F0A5041226722899008297C2 /* Info.plist */ = {isa = PBXFileReference; lastKnownFileType = text.plist.xml; path = Info.plist; sourceTree = "<group>"; };
		F0A5041826722D4E008297C2 /* TestView.swift */ = {isa = PBXFileReference; lastKnownFileType = sourcecode.swift; path = TestView.swift; sourceTree = "<group>"; };
/* End PBXFileReference section */

/* Begin PBXFrameworksBuildPhase section */
		F0A5040326722898008297C2 /* Frameworks */ = {
			isa = PBXFrameworksBuildPhase;
			buildActionMask = 2147483647;
			files = (
			);
			runOnlyForDeploymentPostprocessing = 0;
		};
/* End PBXFrameworksBuildPhase section */

/* Begin PBXGroup section */
		F0A503FD26722898008297C2 = {
			isa = PBXGroup;
			children = (
				F0A5040826722898008297C2 /* SoundBar */,
				F0A5040726722898008297C2 /* Products */,
			);
			sourceTree = "<group>";
		};
		F0A5040726722898008297C2 /* Products */ = {
			isa = PBXGroup;
			children = (
				F0A5040626722898008297C2 /* SoundBar.app */,
			);
			name = Products;
			sourceTree = "<group>";
		};
		F0A5040826722898008297C2 /* SoundBar */ = {
			isa = PBXGroup;
			children = (
				F0A5040926722898008297C2 /* SoundBarApp.swift */,
				F0A5040B26722898008297C2 /* ContentView.swift */,
				F040F8562672414A00B577CB /* Microphone.swift */,
				F0A5041826722D4E008297C2 /* TestView.swift */,
				F0A5040D26722899008297C2 /* Assets.xcassets */,
				F0A5041226722899008297C2 /* Info.plist */,
				F0A5040F26722899008297C2 /* Preview Content */,
			);
			path = SoundBar;
			sourceTree = "<group>";
		};
		F0A5040F26722899008297C2 /* Preview Content */ = {
			isa = PBXGroup;
			children = (
				F0A5041026722899008297C2 /* Preview Assets.xcassets */,
			);
			path = "Preview Content";
			sourceTree = "<group>";
		};
/* End PBXGroup section */

/* Begin PBXNativeTarget section */
		F0A5040526722898008297C2 /* SoundBar */ = {
			isa = PBXNativeTarget;
			buildConfigurationList = F0A5041526722899008297C2 /* Build configuration list for PBXNativeTarget "SoundBar" */;
			buildPhases = (
				F0A5040226722898008297C2 /* Sources */,
				F0A5040326722898008297C2 /* Frameworks */,
				F0A5040426722898008297C2 /* Resources */,
			);
			buildRules = (
			);
			dependencies = (
			);
			name = SoundBar;
			productName = SoundBar;
			productReference = F0A5040626722898008297C2 /* SoundBar.app */;
			productType = "com.apple.product-type.application";
		};
/* End PBXNativeTarget section */

/* Begin PBXProject section */
		F0A503FE26722898008297C2 /* Project object */ = {
			isa = PBXProject;
			attributes = {
				LastSwiftUpdateCheck = 1250;
				LastUpgradeCheck = 1250;
				TargetAttributes = {
					F0A5040526722898008297C2 = {
						CreatedOnToolsVersion = 12.5;
					};
				};
			};
			buildConfigurationList = F0A5040126722898008297C2 /* Build configuration list for PBXProject "SoundBar" */;
			compatibilityVersion = "Xcode 9.3";
			developmentRegion = en;
			hasScannedForEncodings = 0;
			knownRegions = (
				en,
				Base,
			);
			mainGroup = F0A503FD26722898008297C2;
			productRefGroup = F0A5040726722898008297C2 /* Products */;
			projectDirPath = "";
			projectRoot = "";
			targets = (
				F0A5040526722898008297C2 /* SoundBar */,
			);
		};
/* End PBXProject section */

/* Begin PBXResourcesBuildPhase section */
		F0A5040426722898008297C2 /* Resources */ = {
			isa = PBXResourcesBuildPhase;
			buildActionMask = 2147483647;
			files = (
				F0A5041126722899008297C2 /* Preview Assets.xcassets in Resources */,
				F0A5040E26722899008297C2 /* Assets.xcassets in Resources */,
			);
			runOnlyForDeploymentPostprocessing = 0;
		};
/* End PBXResourcesBuildPhase section */

/* Begin PBXSourcesBuildPhase section */
		F0A5040226722898008297C2 /* Sources */ = {
			isa = PBXSourcesBuildPhase;
			buildActionMask = 2147483647;
			files = (
				F0A5041926722D4E008297C2 /* TestView.swift in Sources */,
				F0A5040C26722898008297C2 /* ContentView.swift in Sources */,
				F0A5040A26722898008297C2 /* SoundBarApp.swift in Sources */,
				F040F8572672414A00B577CB /* Microphone.swift in Sources */,
			);
			runOnlyForDeploymentPostprocessing = 0;
		};
/* End PBXSourcesBuildPhase section */

/* Begin XCBuildConfiguration section */
		F0A5041326722899008297C2 /* Debug */ = {
			isa = XCBuildConfiguration;
			buildSettings = {
				ALWAYS_SEARCH_USER_PATHS = NO;
				CLANG_ANALYZER_NONNULL = YES;
				CLANG_ANALYZER_NUMBER_OBJECT_CONVERSION = YES_AGGRESSIVE;
				CLANG_CXX_LANGUAGE_STANDARD = "gnu++14";
				CLANG_CXX_LIBRARY = "libc++";
				CLANG_ENABLE_MODULES = YES;
				CLANG_ENABLE_OBJC_ARC = YES;
				CLANG_ENABLE_OBJC_WEAK = YES;
				CLANG_WARN_BLOCK_CAPTURE_AUTORELEASING = YES;
				CLANG_WARN_BOOL_CONVERSION = YES;
				CLANG_WARN_COMMA = YES;
				CLANG_WARN_CONSTANT_CONVERSION = YES;
				CLANG_WARN_DEPRECATED_OBJC_IMPLEMENTATIONS = YES;
				CLANG_WARN_DIRECT_OBJC_ISA_USAGE = YES_ERROR;
				CLANG_WARN_DOCUMENTATION_COMMENTS = YES;
				CLANG_WARN_EMPTY_BODY = YES;
				CLANG_WARN_ENUM_CONVERSION = YES;
				CLANG_WARN_INFINITE_RECURSION = YES;
				CLANG_WARN_INT_CONVERSION = YES;
				CLANG_WARN_NON_LITERAL_NULL_CONVERSION = YES;
				CLANG_WARN_OBJC_IMPLICIT_RETAIN_SELF = YES;
				CLANG_WARN_OBJC_LITERAL_CONVERSION = YES;
				CLANG_WARN_OBJC_ROOT_CLASS = YES_ERROR;
				CLANG_WARN_QUOTED_INCLUDE_IN_FRAMEWORK_HEADER = YES;
				CLANG_WARN_RANGE_LOOP_ANALYSIS = YES;
				CLANG_WARN_STRICT_PROTOTYPES = YES;
				CLANG_WARN_SUSPICIOUS_MOVE = YES;
				CLANG_WARN_UNGUARDED_AVAILABILITY = YES_AGGRESSIVE;
				CLANG_WARN_UNREACHABLE_CODE = YES;
				CLANG_WARN__DUPLICATE_METHOD_MATCH = YES;
				COPY_PHASE_STRIP = NO;
				DEBUG_INFORMATION_FORMAT = dwarf;
				ENABLE_STRICT_OBJC_MSGSEND = YES;
				ENABLE_TESTABILITY = YES;
				GCC_C_LANGUAGE_STANDARD = gnu11;
				GCC_DYNAMIC_NO_PIC = NO;
				GCC_NO_COMMON_BLOCKS = YES;
				GCC_OPTIMIZATION_LEVEL = 0;
				GCC_PREPROCESSOR_DEFINITIONS = (
					"DEBUG=1",
					"$(inherited)",
				);
				GCC_WARN_64_TO_32_BIT_CONVERSION = YES;
				GCC_WARN_ABOUT_RETURN_TYPE = YES_ERROR;
				GCC_WARN_UNDECLARED_SELECTOR = YES;
				GCC_WARN_UNINITIALIZED_AUTOS = YES_AGGRESSIVE;
				GCC_WARN_UNUSED_FUNCTION = YES;
				GCC_WARN_UNUSED_VARIABLE = YES;
				IPHONEOS_DEPLOYMENT_TARGET = 14.5;
				MTL_ENABLE_DEBUG_INFO = INCLUDE_SOURCE;
				MTL_FAST_MATH = YES;
				ONLY_ACTIVE_ARCH = YES;
				SDKROOT = iphoneos;
				SWIFT_ACTIVE_COMPILATION_CONDITIONS = DEBUG;
				SWIFT_OPTIMIZATION_LEVEL = "-Onone";
			};
			name = Debug;
		};
		F0A5041426722899008297C2 /* Release */ = {
			isa = XCBuildConfiguration;
			buildSettings = {
				ALWAYS_SEARCH_USER_PATHS = NO;
				CLANG_ANALYZER_NONNULL = YES;
				CLANG_ANALYZER_NUMBER_OBJECT_CONVERSION = YES_AGGRESSIVE;
				CLANG_CXX_LANGUAGE_STANDARD = "gnu++14";
				CLANG_CXX_LIBRARY = "libc++";
				CLANG_ENABLE_MODULES = YES;
				CLANG_ENABLE_OBJC_ARC = YES;
				CLANG_ENABLE_OBJC_WEAK = YES;
				CLANG_WARN_BLOCK_CAPTURE_AUTORELEASING = YES;
				CLANG_WARN_BOOL_CONVERSION = YES;
				CLANG_WARN_COMMA = YES;
				CLANG_WARN_CONSTANT_CONVERSION = YES;
				CLANG_WARN_DEPRECATED_OBJC_IMPLEMENTATIONS = YES;
				CLANG_WARN_DIRECT_OBJC_ISA_USAGE = YES_ERROR;
				CLANG_WARN_DOCUMENTATION_COMMENTS = YES;
				CLANG_WARN_EMPTY_BODY = YES;
				CLANG_WARN_ENUM_CONVERSION = YES;
				CLANG_WARN_INFINITE_RECURSION = YES;
				CLANG_WARN_INT_CONVERSION = YES;
				CLANG_WARN_NON_LITERAL_NULL_CONVERSION = YES;
				CLANG_WARN_OBJC_IMPLICIT_RETAIN_SELF = YES;
				CLANG_WARN_OBJC_LITERAL_CONVERSION = YES;
				CLANG_WARN_OBJC_ROOT_CLASS = YES_ERROR;
				CLANG_WARN_QUOTED_INCLUDE_IN_FRAMEWORK_HEADER = YES;
				CLANG_WARN_RANGE_LOOP_ANALYSIS = YES;
				CLANG_WARN_STRICT_PROTOTYPES = YES;
				CLANG_WARN_SUSPICIOUS_MOVE = YES;
				CLANG_WARN_UNGUARDED_AVAILABILITY = YES_AGGRESSIVE;
				CLANG_WARN_UNREACHABLE_CODE = YES;
				CLANG_WARN__DUPLICATE_METHOD_MATCH = YES;
				COPY_PHASE_STRIP = NO;
				DEBUG_INFORMATION_FORMAT = "dwarf-with-dsym";
				ENABLE_NS_ASSERTIONS = NO;
				ENABLE_STRICT_OBJC_MSGSEND = YES;
				GCC_C_LANGUAGE_STANDARD = gnu11;
				GCC_NO_COMMON_BLOCKS = YES;
				GCC_WARN_64_TO_32_BIT_CONVERSION = YES;
				GCC_WARN_ABOUT_RETURN_TYPE = YES_ERROR;
				GCC_WARN_UNDECLARED_SELECTOR = YES;
				GCC_WARN_UNINITIALIZED_AUTOS = YES_AGGRESSIVE;
				GCC_WARN_UNUSED_FUNCTION = YES;
				GCC_WARN_UNUSED_VARIABLE = YES;
				IPHONEOS_DEPLOYMENT_TARGET = 14.5;
				MTL_ENABLE_DEBUG_INFO = NO;
				MTL_FAST_MATH = YES;
				SDKROOT = iphoneos;
				SWIFT_COMPILATION_MODE = wholemodule;
				SWIFT_OPTIMIZATION_LEVEL = "-O";
				VALIDATE_PRODUCT = YES;
			};
			name = Release;
		};
		F0A5041626722899008297C2 /* Debug */ = {
			isa = XCBuildConfiguration;
			buildSettings = {
				ASSETCATALOG_COMPILER_APPICON_NAME = AppIcon;
				ASSETCATALOG_COMPILER_GLOBAL_ACCENT_COLOR_NAME = AccentColor;
				CODE_SIGN_STYLE = Automatic;
				DEVELOPMENT_ASSET_PATHS = "\"SoundBar/Preview Content\"";
				DEVELOPMENT_TEAM = 8TJVXCV32K;
				ENABLE_PREVIEWS = YES;
				INFOPLIST_FILE = SoundBar/Info.plist;
				IPHONEOS_DEPLOYMENT_TARGET = 14.0;
				LD_RUNPATH_SEARCH_PATHS = (
					"$(inherited)",
					"@executable_path/Frameworks",
				);
				PRODUCT_BUNDLE_IDENTIFIER = com.xiaoyuwang.SoundBar;
				PRODUCT_NAME = "$(TARGET_NAME)";
				SWIFT_VERSION = 5.0;
				TARGETED_DEVICE_FAMILY = "1,2";
			};
			name = Debug;
		};
		F0A5041726722899008297C2 /* Release */ = {
			isa = XCBuildConfiguration;
			buildSettings = {
				ASSETCATALOG_COMPILER_APPICON_NAME = AppIcon;
				ASSETCATALOG_COMPILER_GLOBAL_ACCENT_COLOR_NAME = AccentColor;
				CODE_SIGN_STYLE = Automatic;
				DEVELOPMENT_ASSET_PATHS = "\"SoundBar/Preview Content\"";
				DEVELOPMENT_TEAM = 8TJVXCV32K;
				ENABLE_PREVIEWS = YES;
				INFOPLIST_FILE = SoundBar/Info.plist;
				IPHONEOS_DEPLOYMENT_TARGET = 14.0;
				LD_RUNPATH_SEARCH_PATHS = (
					"$(inherited)",
					"@executable_path/Frameworks",
				);
				PRODUCT_BUNDLE_IDENTIFIER = com.xiaoyuwang.SoundBar;
				PRODUCT_NAME = "$(TARGET_NAME)";
				SWIFT_VERSION = 5.0;
				TARGETED_DEVICE_FAMILY = "1,2";
			};
			name = Release;
		};
/* End XCBuildConfiguration section */

/* Begin XCConfigurationList section */
		F0A5040126722898008297C2 /* Build configuration list for PBXProject "SoundBar" */ = {
			isa = XCConfigurationList;
			buildConfigurations = (
				F0A5041326722899008297C2 /* Debug */,
				F0A5041426722899008297C2 /* Release */,
			);
			defaultConfigurationIsVisible = 0;
			defaultConfigurationName = Release;
		};
		F0A5041526722899008297C2 /* Build configuration list for PBXNativeTarget "SoundBar" */ = {
			isa = XCConfigurationList;
			buildConfigurations = (
				F0A5041626722899008297C2 /* Debug */,
				F0A5041726722899008297C2 /* Release */,
			);
			defaultConfigurationIsVisible = 0;
			defaultConfigurationName = Release;
		};
/* End XCConfigurationList section */
	};
	rootObject = F0A503FE26722898008297C2 /* Project object */;
}
